
Microsoft Visual Studio Solution File, Format Version 12.00
# Visual Studio Version 17
VisualStudioVersion = 17.3.32901.215
MinimumVisualStudioVersion = 10.0.40219.1
Project("{9A19103F-16F7-4668-BE54-9A1E7A4F7556}") = "Lesson2203", "Lesson2203\Lesson2203.csproj", "{1B26792B-B811-47C5-822B-815DFC8C723B}"
EndProject
Project("{FAE04EC0-301F-11D3-BF4B-00C04F79EFBC}") = "Lesson2403", "Lesson2403\Lesson2403.csproj", "{C6F374FC-C0BD-4ED4-A483-17B1D95965A6}"
EndProject
Project("{FAE04EC0-301F-11D3-BF4B-00C04F79EFBC}") = "ZeroProject", "ZeroProject\ZeroProject.csproj", "{66C245B4-EBEB-4A56-9873-A848ED76BFBB}"
EndProject
Global
	GlobalSection(SolutionConfigurationPlatforms) = preSolution
		Debug|Any CPU = Debug|Any CPU
		Release|Any CPU = Release|Any CPU
	EndGlobalSection
	GlobalSection(ProjectConfigurationPlatforms) = postSolution
		{1B26792B-B811-47C5-822B-815DFC8C723B}.Debug|Any CPU.ActiveCfg = Debug|Any CPU
		{1B26792B-B811-47C5-822B-815DFC8C723B}.Debug|Any CPU.Build.0 = Debug|Any CPU
		{1B26792B-B811-47C5-822B-815DFC8C723B}.Release|Any CPU.ActiveCfg = Release|Any CPU
		{1B26792B-B811-47C5-822B-815DFC8C723B}.Release|Any CPU.Build.0 = Release|Any CPU
		{C6F374FC-C0BD-4ED4-A483-17B1D95965A6}.Debug|Any CPU.ActiveCfg = Debug|Any CPU
		{C6F374FC-C0BD-4ED4-A483-17B1D95965A6}.Debug|Any CPU.Build.0 = Debug|Any CPU
		{C6F374FC-C0BD-4ED4-A483-17B1D95965A6}.Release|Any CPU.ActiveCfg = Release|Any CPU
		{C6F374FC-C0BD-4ED4-A483-17B1D95965A6}.Release|Any CPU.Build.0 = Release|Any CPU
		{66C245B4-EBEB-4A56-9873-A848ED76BFBB}.Debug|Any CPU.ActiveCfg = Debug|Any CPU
		{66C245B4-EBEB-4A56-9873-A848ED76BFBB}.Debug|Any CPU.Build.0 = Debug|Any CPU
		{66C245B4-EBEB-4A56-9873-A848ED76BFBB}.Release|Any CPU.ActiveCfg = Release|Any CPU
		{66C245B4-EBEB-4A56-9873-A848ED76BFBB}.Release|Any CPU.Build.0 = Release|Any CPU
	EndGlobalSection
	GlobalSection(SolutionProperties) = preSolution
		HideSolutionNode = FALSE
	EndGlobalSection
	GlobalSection(ExtensibilityGlobals) = postSolution
		SolutionGuid = {E9C85E85-BC1A-4E63-B007-20308EDB755D}
	EndGlobalSection
EndGlobal
